schema: '2.0'
stages:
  preprocess_data:
    cmd: python src/preprocess.py data/data.csv output/train_data.csv output/test_data.csv
      params.yaml
    deps:
    - path: data/data.csv
      hash: md5
      md5: 801f8030dad1df22a53edfdbfa4e80f0
      size: 29981
    - path: params.yaml
      hash: md5
      md5: 2336cb4f3204ee90d46fdb194e5e694e
      size: 724
    - path: src/preprocess.py
      hash: md5
      md5: 526242f51c2ba766f98cfc1074a4b00f
      size: 1771
    outs:
    - path: output/test_data.csv
      hash: md5
      md5: 0dc9d3ebb6d4a3265178991f956a862b
      size: 2450
    - path: output/train_data.csv
      hash: md5
      md5: 102b3d9754ee336c54f044974e433f50
      size: 9660
  train_models:
    cmd: python src/train.py output/train_data.csv output/test_data.csv params.yaml
      models/best_model.joblib
    deps:
    - path: output/test_data.csv
      hash: md5
      md5: 0dc9d3ebb6d4a3265178991f956a862b
      size: 2450
    - path: output/train_data.csv
      hash: md5
      md5: 102b3d9754ee336c54f044974e433f50
      size: 9660
    - path: params.yaml
      hash: md5
      md5: 2336cb4f3204ee90d46fdb194e5e694e
      size: 724
    - path: src/train.py
      hash: md5
      md5: ac189d6008b616d58d849d8c6c0ed0d8
      size: 2661
    outs:
    - path: models/best_model.joblib
      hash: md5
      md5: 57920d9db2b1a0ba5c9e9ee6728cd064
      size: 960
  optimize_models:
    cmd: python src/optimization_and_training.py output/train_data.csv output/test_data.csv
      params.yaml models/best_optimized_model.joblib
    deps:
    - path: output/test_data.csv
      hash: md5
      md5: 0dc9d3ebb6d4a3265178991f956a862b
      size: 2450
    - path: output/train_data.csv
      hash: md5
      md5: 102b3d9754ee336c54f044974e433f50
      size: 9660
    - path: params.yaml
      hash: md5
      md5: 2336cb4f3204ee90d46fdb194e5e694e
      size: 724
    - path: src/optimization_and_training.py
      hash: md5
      md5: a020edf002fbfb22038d7769725aafc1
      size: 3169
    outs:
    - path: models/best_optimized_model.joblib
      hash: md5
      md5: 57920d9db2b1a0ba5c9e9ee6728cd064
      size: 960
